
Microsoft Visual Studio Solution File, Format Version 12.00
# Visual Studio Version 16
VisualStudioVersion = 16.0.30611.23
MinimumVisualStudioVersion = 10.0.40219.1
Project("{FAE04EC0-301F-11D3-BF4B-00C04F79EFBC}") = "LV3", "LV3\LV3.csproj", "{BE9DC2AE-051F-454A-954C-CD2689B0D1D8}"
EndProject
Global
	GlobalSection(SolutionConfigurationPlatforms) = preSolution
		Debug|Any CPU = Debug|Any CPU
		Release|Any CPU = Release|Any CPU
	EndGlobalSection
	GlobalSection(ProjectConfigurationPlatforms) = postSolution
		{BE9DC2AE-051F-454A-954C-CD2689B0D1D8}.Debug|Any CPU.ActiveCfg = Debug|Any CPU
		{BE9DC2AE-051F-454A-954C-CD2689B0D1D8}.Debug|Any CPU.Build.0 = Debug|Any CPU
		{BE9DC2AE-051F-454A-954C-CD2689B0D1D8}.Release|Any CPU.ActiveCfg = Release|Any CPU
		{BE9DC2AE-051F-454A-954C-CD2689B0D1D8}.Release|Any CPU.Build.0 = Release|Any CPU
	EndGlobalSection
	GlobalSection(SolutionProperties) = preSolution
		HideSolutionNode = FALSE
	EndGlobalSection
	GlobalSection(ExtensibilityGlobals) = postSolution
		SolutionGuid = {B4D2ED69-D2FB-4317-BEB2-87FCDD70132B}
	EndGlobalSection
EndGlobal
