
Microsoft Visual Studio Solution File, Format Version 12.00
# Visual Studio Version 16
VisualStudioVersion = 16.0.30717.126
MinimumVisualStudioVersion = 10.0.40219.1
Project("{9A19103F-16F7-4668-BE54-9A1E7A4F7556}") = "LV4", "LV4\LV4.csproj", "{A203BF39-5A6B-43FF-8BB2-53D6FCDE1FD6}"
EndProject
Project("{FAE04EC0-301F-11D3-BF4B-00C04F79EFBC}") = "ZD4", "ZD4\ZD4.csproj", "{96177D40-6445-4044-9592-A6B9E78C6E03}"
EndProject
Global
	GlobalSection(SolutionConfigurationPlatforms) = preSolution
		Debug|Any CPU = Debug|Any CPU
		Release|Any CPU = Release|Any CPU
	EndGlobalSection
	GlobalSection(ProjectConfigurationPlatforms) = postSolution
		{A203BF39-5A6B-43FF-8BB2-53D6FCDE1FD6}.Debug|Any CPU.ActiveCfg = Debug|Any CPU
		{A203BF39-5A6B-43FF-8BB2-53D6FCDE1FD6}.Debug|Any CPU.Build.0 = Debug|Any CPU
		{A203BF39-5A6B-43FF-8BB2-53D6FCDE1FD6}.Release|Any CPU.ActiveCfg = Release|Any CPU
		{A203BF39-5A6B-43FF-8BB2-53D6FCDE1FD6}.Release|Any CPU.Build.0 = Release|Any CPU
		{96177D40-6445-4044-9592-A6B9E78C6E03}.Debug|Any CPU.ActiveCfg = Debug|Any CPU
		{96177D40-6445-4044-9592-A6B9E78C6E03}.Debug|Any CPU.Build.0 = Debug|Any CPU
		{96177D40-6445-4044-9592-A6B9E78C6E03}.Release|Any CPU.ActiveCfg = Release|Any CPU
		{96177D40-6445-4044-9592-A6B9E78C6E03}.Release|Any CPU.Build.0 = Release|Any CPU
	EndGlobalSection
	GlobalSection(SolutionProperties) = preSolution
		HideSolutionNode = FALSE
	EndGlobalSection
	GlobalSection(ExtensibilityGlobals) = postSolution
		SolutionGuid = {D3B79F19-5BC7-48A4-B1F8-4E475F7CFF33}
	EndGlobalSection
EndGlobal
