
Microsoft Visual Studio Solution File, Format Version 12.00
# Visual Studio Version 16
VisualStudioVersion = 16.0.30717.126
MinimumVisualStudioVersion = 10.0.40219.1
Project("{FAE04EC0-301F-11D3-BF4B-00C04F79EFBC}") = "LV6", "LV6\LV6.csproj", "{928262E7-7DE9-474C-93FD-2649C8D7DFB2}"
EndProject
Project("{FAE04EC0-301F-11D3-BF4B-00C04F79EFBC}") = "Zadatak1", "Zadatak1\Zadatak1.csproj", "{A38ECC28-CF1C-4A28-BCD0-C28F97F1F888}"
EndProject
Global
	GlobalSection(SolutionConfigurationPlatforms) = preSolution
		Debug|Any CPU = Debug|Any CPU
		Release|Any CPU = Release|Any CPU
	EndGlobalSection
	GlobalSection(ProjectConfigurationPlatforms) = postSolution
		{928262E7-7DE9-474C-93FD-2649C8D7DFB2}.Debug|Any CPU.ActiveCfg = Debug|Any CPU
		{928262E7-7DE9-474C-93FD-2649C8D7DFB2}.Debug|Any CPU.Build.0 = Debug|Any CPU
		{928262E7-7DE9-474C-93FD-2649C8D7DFB2}.Release|Any CPU.ActiveCfg = Release|Any CPU
		{928262E7-7DE9-474C-93FD-2649C8D7DFB2}.Release|Any CPU.Build.0 = Release|Any CPU
		{A38ECC28-CF1C-4A28-BCD0-C28F97F1F888}.Debug|Any CPU.ActiveCfg = Debug|Any CPU
		{A38ECC28-CF1C-4A28-BCD0-C28F97F1F888}.Debug|Any CPU.Build.0 = Debug|Any CPU
		{A38ECC28-CF1C-4A28-BCD0-C28F97F1F888}.Release|Any CPU.ActiveCfg = Release|Any CPU
		{A38ECC28-CF1C-4A28-BCD0-C28F97F1F888}.Release|Any CPU.Build.0 = Release|Any CPU
	EndGlobalSection
	GlobalSection(SolutionProperties) = preSolution
		HideSolutionNode = FALSE
	EndGlobalSection
	GlobalSection(ExtensibilityGlobals) = postSolution
		SolutionGuid = {2EB5019B-B416-4C57-8044-E1F7945BD9D0}
	EndGlobalSection
EndGlobal
